<?xml version="1.0" encoding="utf-8"?>
<Project ToolsVersion="4.0" xmlns="http://schemas.microsoft.com/developer/msbuild/2003">
  <ItemGroup>
    <Filter Include="Source Files">
      <UniqueIdentifier>{4FC737F1-C7A5-4376-A066-2A32D752A2FF}</UniqueIdentifier>
      <Extensions>cpp;c;cc;cxx;c++;cppm;ixx;def;odl;idl;hpj;bat;asm;asmx</Extensions>
    </Filter>
    <Filter Include="Header Files">
      <UniqueIdentifier>{93995380-89BD-4b04-88EB-625FBE52EBFB}</UniqueIdentifier>
      <Extensions>h;hh;hpp;hxx;h++;hm;inl;inc;ipp;xsd</Extensions>
    </Filter>
    <Filter Include="Resource Files">
      <UniqueIdentifier>{67DA6AB6-F800-4c08-8B7A-83BB121AAD01}</UniqueIdentifier>
      <Extensions>rc;ico;cur;bmp;dlg;rc2;rct;bin;rgs;gif;jpg;jpeg;jpe;resx;tiff;tif;png;wav;mfcribbon-ms</Extensions>
    </Filter>
    <Filter Include="Header Files\Tools">
      <UniqueIdentifier>{33ca4e9b-9bd5-4b97-9a1b-6074554c6ff7}</UniqueIdentifier>
    </Filter>
    <Filter Include="Header Files\World">
      <UniqueIdentifier>{8510bd58-60ad-4206-959b-c54a20825a34}</UniqueIdentifier>
    </Filter>
    <Filter Include="Header Files\Inventory">
      <UniqueIdentifier>{4eb39d77-f790-4493-bbf0-7da8dec09609}</UniqueIdentifier>
    </Filter>
    <Filter Include="Source Files\Inventory">
      <UniqueIdentifier>{92ddc49e-19f3-441c-8150-fb462c788a07}</UniqueIdentifier>
    </Filter>
    <Filter Include="Source Files\World">
      <UniqueIdentifier>{d73a26a7-ba62-4881-91ac-bc8002881fa2}</UniqueIdentifier>
    </Filter>
    <Filter Include="Header Files\Rendering">
      <UniqueIdentifier>{3d99f34b-2d5e-4319-8ea4-03e1af3b8944}</UniqueIdentifier>
    </Filter>
    <Filter Include="Source Files\Tools">
      <UniqueIdentifier>{3630dae3-8032-44bc-aa21-e294635be8c2}</UniqueIdentifier>
    </Filter>
    <Filter Include="Source Files\Entities">
      <UniqueIdentifier>{2bb0dcb2-6efb-4a07-9985-35f894dae7f6}</UniqueIdentifier>
    </Filter>
    <Filter Include="Header Files\Entities">
      <UniqueIdentifier>{a2efa2b9-c4b8-44d5-b9cc-0497f10cea45}</UniqueIdentifier>
    </Filter>
    <Filter Include="Header Files\Scenes">
      <UniqueIdentifier>{377fb691-0820-42b5-b7a1-35da583c2a05}</UniqueIdentifier>
    </Filter>
    <Filter Include="Source Files\Scenes">
      <UniqueIdentifier>{a83887c7-9948-4ef1-a837-8f827bcbd7f6}</UniqueIdentifier>
    </Filter>
    <Filter Include="Header Files\World\Tiles">
      <UniqueIdentifier>{f21ef3b0-0ac8-495d-9506-5eeaa507076e}</UniqueIdentifier>
    </Filter>
    <Filter Include="Source Files\World\Tiles">
      <UniqueIdentifier>{a7b9ac87-ccc5-4054-a000-d03b3a0fbac5}</UniqueIdentifier>
    </Filter>
  </ItemGroup>
  <ItemGroup>
    <ClCompile Include="main.cpp">
      <Filter>Source Files</Filter>
    </ClCompile>
    <ClCompile Include="Game.cpp">
      <Filter>Source Files</Filter>
    </ClCompile>
    <ClCompile Include="AtlasManager.cpp">
      <Filter>Source Files</Filter>
    </ClCompile>
    <ClCompile Include="Utils.cpp">
      <Filter>Source Files</Filter>
    </ClCompile>
    <ClCompile Include="Inventory\Inventory.cpp">
      <Filter>Source Files\Inventory</Filter>
    </ClCompile>
    <ClCompile Include="Inventory\ItemRegistry.cpp">
      <Filter>Source Files\Inventory</Filter>
    </ClCompile>
    <ClCompile Include="Tools\AxeTool.cpp">
      <Filter>Source Files\Tools</Filter>
    </ClCompile>
    <ClCompile Include="Tools\HoeTool.cpp">
      <Filter>Source Files\Tools</Filter>
    </ClCompile>
    <ClCompile Include="Tools\ShovelTool.cpp">
      <Filter>Source Files\Tools</Filter>
    </ClCompile>
    <ClCompile Include="World\Chunk.cpp">
      <Filter>Source Files\World</Filter>
    </ClCompile>
    <ClCompile Include="World\World.cpp">
      <Filter>Source Files\World</Filter>
    </ClCompile>
    <ClCompile Include="Entities\ItemEntity.cpp">
      <Filter>Source Files\Entities</Filter>
    </ClCompile>
    <ClCompile Include="Entities\PlayerEntity.cpp">
      <Filter>Source Files\Entities</Filter>
    </ClCompile>
    <ClCompile Include="Interface.cpp">
      <Filter>Source Files</Filter>
    </ClCompile>
    <ClCompile Include="Tools\ScytheTool.cpp">
      <Filter>Source Files\Tools</Filter>
    </ClCompile>
    <ClCompile Include="World\Crop.cpp">
      <Filter>Source Files\World</Filter>
    </ClCompile>
    <ClCompile Include="Inventory\SeedItem.cpp">
      <Filter>Source Files\Inventory</Filter>
    </ClCompile>
    <ClCompile Include="World\CropRegistry.cpp">
      <Filter>Source Files\World</Filter>
    </ClCompile>
    <ClCompile Include="Scenes\SceneManager.cpp">
      <Filter>Source Files\Scenes</Filter>
    </ClCompile>
    <ClCompile Include="Scenes\GameScene.cpp">
      <Filter>Source Files\Scenes</Filter>
    </ClCompile>
    <ClCompile Include="Scenes\MainMenuScene.cpp">
      <Filter>Source Files\Scenes</Filter>
    </ClCompile>
    <ClCompile Include="World\Tiles\AirTile.cpp">
      <Filter>Source Files\World\Tiles</Filter>
    </ClCompile>
    <ClCompile Include="World\Tiles\Tile.cpp">
      <Filter>Source Files\World\Tiles</Filter>
    </ClCompile>
    <ClCompile Include="World\Tiles\TilledSoilTile.cpp">
      <Filter>Source Files\World\Tiles</Filter>
    </ClCompile>
    <ClCompile Include="Tools\SeedBagTool.cpp">
      <Filter>Source Files\Tools</Filter>
    </ClCompile>
    <ClCompile Include="Entities\CowEntity.cpp">
      <Filter>Source Files\Entities</Filter>
    </ClCompile>
    <ClCompile Include="Entities\MovingEntity.cpp">
      <Filter>Source Files\Entities</Filter>
    </ClCompile>
    <ClCompile Include="World\Tiles\WaterTile.cpp">
      <Filter>Source Files\World\Tiles</Filter>
    </ClCompile>
    <ClCompile Include="Tools\MilkPailTool.cpp">
      <Filter>Source Files\Tools</Filter>
    </ClCompile>
    <ClCompile Include="World\Tiles\TilledSandTile.cpp">
      <Filter>Source Files\World\Tiles</Filter>
    </ClCompile>
  </ItemGroup>
  <ItemGroup>
    <ClInclude Include="Game.h">
      <Filter>Header Files</Filter>
    </ClInclude>
    <ClInclude Include="Shared.h">
      <Filter>Header Files</Filter>
    </ClInclude>
    <ClInclude Include="AtlasManager.h">
      <Filter>Header Files</Filter>
    </ClInclude>
    <ClInclude Include="Utils.h">
      <Filter>Header Files</Filter>
    </ClInclude>
    <ClInclude Include="World\Chunk.h">
      <Filter>Header Files\World</Filter>
    </ClInclude>
    <ClInclude Include="World\World.h">
      <Filter>Header Files\World</Filter>
    </ClInclude>
    <ClInclude Include="Tools\ToolDeclarations.h">
      <Filter>Header Files\Tools</Filter>
    </ClInclude>
    <ClInclude Include="Inventory\Inventory.h">
      <Filter>Header Files\Inventory</Filter>
    </ClInclude>
    <ClInclude Include="Inventory\Item.h">
      <Filter>Header Files\Inventory</Filter>
    </ClInclude>
    <ClInclude Include="Inventory\ItemRegistry.h">
      <Filter>Header Files\Inventory</Filter>
    </ClInclude>
    <ClInclude Include="Includes\PerlinNoise.hpp">
      <Filter>Header Files\World</Filter>
    </ClInclude>
    <ClInclude Include="Interface.h">
      <Filter>Header Files</Filter>
    </ClInclude>
    <ClInclude Include="Entities\EntityDeclarations.h">
      <Filter>Header Files\Entities</Filter>
    </ClInclude>
    <ClInclude Include="Entities\EntityRegistry.h">
      <Filter>Header Files\Entities</Filter>
    </ClInclude>
    <ClInclude Include="Tools\ToolRegistry.h">
      <Filter>Header Files\Tools</Filter>
    </ClInclude>
    <ClInclude Include="World\Crop.h">
      <Filter>Header Files\World</Filter>
    </ClInclude>
    <ClInclude Include="World\CropRegistry.h">
      <Filter>Header Files\World</Filter>
    </ClInclude>
    <ClInclude Include="Inventory\ItemID.h">
      <Filter>Header Files\Inventory</Filter>
    </ClInclude>
    <ClInclude Include="Scenes\Scene.h">
      <Filter>Header Files\Scenes</Filter>
    </ClInclude>
    <ClInclude Include="Scenes\SceneDeclarations.h">
      <Filter>Header Files\Scenes</Filter>
    </ClInclude>
    <ClInclude Include="Scenes\SceneManager.h">
      <Filter>Header Files\Scenes</Filter>
    </ClInclude>
    <ClInclude Include="World\Tiles\Tile.h">
      <Filter>Header Files\World\Tiles</Filter>
    </ClInclude>
    <ClInclude Include="World\Tiles\TileRegistry.h">
      <Filter>Header Files\World\Tiles</Filter>
    </ClInclude>
    <ClInclude Include="World\Tiles\AirTile.h">
      <Filter>Header Files\World\Tiles</Filter>
    </ClInclude>
    <ClInclude Include="World\Tiles\TilledSoilTile.h">
      <Filter>Header Files\World\Tiles</Filter>
    </ClInclude>
    <ClInclude Include="World\Tiles\WaterTile.h">
      <Filter>Header Files\World\Tiles</Filter>
    </ClInclude>
    <ClInclude Include="World\WorldTime.h">
      <Filter>Header Files\World</Filter>
    </ClInclude>
    <ClInclude Include="World\Tiles\TilledSandTile.h">
      <Filter>Header Files\World\Tiles</Filter>
    </ClInclude>
    <ClInclude Include="resource.h">
      <Filter>Header Files</Filter>
    </ClInclude>
  </ItemGroup>
  <ItemGroup>
    <None Include=".gitignore">
      <Filter>Resource Files</Filter>
    </None>
    <None Include="README.md">
      <Filter>Resource Files</Filter>
    </None>
  </ItemGroup>
  <ItemGroup>
    <ResourceCompile Include="RiverFarm.rc">
      <Filter>Resource Files</Filter>
    </ResourceCompile>
  </ItemGroup>
  <ItemGroup>
    <Image Include="icon1.ico">
      <Filter>Resource Files</Filter>
    </Image>
  </ItemGroup>
</Project>